
Microsoft Visual Studio Solution File, Format Version 12.00
Project("{FAE04EC0-301F-11D3-BF4B-00C04F79EFBC}") = "Parking", "Parking\Parking.csproj", "{94DDBAC1-80BD-4756-9794-6FCBA2CBA014}"
EndProject
Global
	GlobalSection(SolutionConfigurationPlatforms) = preSolution
		Debug|Any CPU = Debug|Any CPU
		Release|Any CPU = Release|Any CPU
	EndGlobalSection
	GlobalSection(ProjectConfigurationPlatforms) = postSolution
		{94DDBAC1-80BD-4756-9794-6FCBA2CBA014}.Debug|Any CPU.ActiveCfg = Debug|Any CPU
		{94DDBAC1-80BD-4756-9794-6FCBA2CBA014}.Debug|Any CPU.Build.0 = Debug|Any CPU
		{94DDBAC1-80BD-4756-9794-6FCBA2CBA014}.Release|Any CPU.ActiveCfg = Release|Any CPU
		{94DDBAC1-80BD-4756-9794-6FCBA2CBA014}.Release|Any CPU.Build.0 = Release|Any CPU
	EndGlobalSection
EndGlobal
